
Microsoft Visual Studio Solution File, Format Version 12.00
# Visual Studio Version 16
VisualStudioVersion = 16.0.29709.97
MinimumVisualStudioVersion = 10.0.40219.1
Project("{FAE04EC0-301F-11D3-BF4B-00C04F79EFBC}") = "WebApplication1", "WebApplication1\WebApplication1.csproj", "{5331DC04-E28F-4FDA-8589-F4358EBB027D}"
EndProject
Global
	GlobalSection(SolutionConfigurationPlatforms) = preSolution
		Debug|Any CPU = Debug|Any CPU
		Release|Any CPU = Release|Any CPU
	EndGlobalSection
	GlobalSection(ProjectConfigurationPlatforms) = postSolution
		{5331DC04-E28F-4FDA-8589-F4358EBB027D}.Debug|Any CPU.ActiveCfg = Debug|Any CPU
		{5331DC04-E28F-4FDA-8589-F4358EBB027D}.Debug|Any CPU.Build.0 = Debug|Any CPU
		{5331DC04-E28F-4FDA-8589-F4358EBB027D}.Release|Any CPU.ActiveCfg = Release|Any CPU
		{5331DC04-E28F-4FDA-8589-F4358EBB027D}.Release|Any CPU.Build.0 = Release|Any CPU
	EndGlobalSection
	GlobalSection(SolutionProperties) = preSolution
		HideSolutionNode = FALSE
	EndGlobalSection
	GlobalSection(ExtensibilityGlobals) = postSolution
		SolutionGuid = {8F13F051-79D8-4043-9D78-DB424E621135}
	EndGlobalSection
EndGlobal
